<?xml version="1.0" encoding="UTF-8" standalone="yes" ?>
<CodeBlocks_project_file>
	<FileVersion major="1" minor="5" />
	<Project>
		<Option title="wx-config-win" />
		<Option pch_mode="2" />
		<Option default_target="" />
		<Option compiler="gcc" />
		<Option virtualFolders="" />
		<Build>
			<Target title="wx-config-win">
				<Option output="wx-config.exe" />
				<Option object_output="obj" />
				<Option type="1" />
				<Option compiler="gcc" />
				<Option parameters="--help" />
				<Compiler>
					<Add option="-O2" />
					<Add option="-pedantic" />
					<Add option="-Wall" />
				</Compiler>
				<Linker>
					<Add option="-s" />
				</Linker>
			</Target>
		</Build>
		<VirtualTargets>
			<Add alias="All" targets="wx-config-win;" />
		</VirtualTargets>
		<Unit filename="wx-config-win.cpp">
			<Option compilerVar="CPP" />
			<Option target="wx-config-win" />
		</Unit>
		<Extensions />
	</Project>
</CodeBlocks_project_file>